
Microsoft Visual Studio Solution File, Format Version 12.00
# Visual Studio Version 17
VisualStudioVersion = 17.11.35208.52
MinimumVisualStudioVersion = 10.0.40219.1
Project("{FAE04EC0-301F-11D3-BF4B-00C04F79EFBC}") = "L2.Manoel.Api", "L2.Manoel.Api\L2.Manoel.Api.csproj", "{CD33A643-2A77-416C-BCB7-5E1B5C55B04E}"
EndProject
Project("{FAE04EC0-301F-11D3-BF4B-00C04F79EFBC}") = "L2.Manoel.Consumer", "L2.Manoel.Consumer\L2.Manoel.Consumer.csproj", "{4A29D2B7-4B25-4A6A-B0D1-07A837343FC0}"
EndProject
Project("{FAE04EC0-301F-11D3-BF4B-00C04F79EFBC}") = "L2.Manoel.Core", "L2.Manoel.Core\L2.Manoel.Core.csproj", "{8BBA7634-CF37-48A5-A7DF-8779089DA43E}"
EndProject
Project("{FAE04EC0-301F-11D3-BF4B-00C04F79EFBC}") = "L2.Manoel.EmbalagemMS", "L2.Manoel.EmbalagemMS\L2.Manoel.EmbalagemMS.csproj", "{EBD0149E-BE38-4E73-82BB-BE84FA49ECCD}"
EndProject
Project("{FAE04EC0-301F-11D3-BF4B-00C04F79EFBC}") = "L2.Manoel.Tests", "L2.Manoel.Tests\L2.Manoel.Tests.csproj", "{191FC130-0C00-47A1-B913-976E1180F58D}"
EndProject
Global
	GlobalSection(SolutionConfigurationPlatforms) = preSolution
		Debug|Any CPU = Debug|Any CPU
		Release|Any CPU = Release|Any CPU
	EndGlobalSection
	GlobalSection(ProjectConfigurationPlatforms) = postSolution
		{CD33A643-2A77-416C-BCB7-5E1B5C55B04E}.Debug|Any CPU.ActiveCfg = Debug|Any CPU
		{CD33A643-2A77-416C-BCB7-5E1B5C55B04E}.Debug|Any CPU.Build.0 = Debug|Any CPU
		{CD33A643-2A77-416C-BCB7-5E1B5C55B04E}.Release|Any CPU.ActiveCfg = Release|Any CPU
		{CD33A643-2A77-416C-BCB7-5E1B5C55B04E}.Release|Any CPU.Build.0 = Release|Any CPU
		{4A29D2B7-4B25-4A6A-B0D1-07A837343FC0}.Debug|Any CPU.ActiveCfg = Debug|Any CPU
		{4A29D2B7-4B25-4A6A-B0D1-07A837343FC0}.Debug|Any CPU.Build.0 = Debug|Any CPU
		{4A29D2B7-4B25-4A6A-B0D1-07A837343FC0}.Release|Any CPU.ActiveCfg = Release|Any CPU
		{4A29D2B7-4B25-4A6A-B0D1-07A837343FC0}.Release|Any CPU.Build.0 = Release|Any CPU
		{8BBA7634-CF37-48A5-A7DF-8779089DA43E}.Debug|Any CPU.ActiveCfg = Debug|Any CPU
		{8BBA7634-CF37-48A5-A7DF-8779089DA43E}.Debug|Any CPU.Build.0 = Debug|Any CPU
		{8BBA7634-CF37-48A5-A7DF-8779089DA43E}.Release|Any CPU.ActiveCfg = Release|Any CPU
		{8BBA7634-CF37-48A5-A7DF-8779089DA43E}.Release|Any CPU.Build.0 = Release|Any CPU
		{EBD0149E-BE38-4E73-82BB-BE84FA49ECCD}.Debug|Any CPU.ActiveCfg = Debug|Any CPU
		{EBD0149E-BE38-4E73-82BB-BE84FA49ECCD}.Debug|Any CPU.Build.0 = Debug|Any CPU
		{EBD0149E-BE38-4E73-82BB-BE84FA49ECCD}.Release|Any CPU.ActiveCfg = Release|Any CPU
		{EBD0149E-BE38-4E73-82BB-BE84FA49ECCD}.Release|Any CPU.Build.0 = Release|Any CPU
		{191FC130-0C00-47A1-B913-976E1180F58D}.Debug|Any CPU.ActiveCfg = Debug|Any CPU
		{191FC130-0C00-47A1-B913-976E1180F58D}.Debug|Any CPU.Build.0 = Debug|Any CPU
		{191FC130-0C00-47A1-B913-976E1180F58D}.Release|Any CPU.ActiveCfg = Release|Any CPU
		{191FC130-0C00-47A1-B913-976E1180F58D}.Release|Any CPU.Build.0 = Release|Any CPU
	EndGlobalSection
	GlobalSection(SolutionProperties) = preSolution
		HideSolutionNode = FALSE
	EndGlobalSection
	GlobalSection(ExtensibilityGlobals) = postSolution
		SolutionGuid = {FAFA99C2-0E63-4C0E-8EF7-AF6711A3A8B3}
	EndGlobalSection
EndGlobal
